
Microsoft Visual Studio Solution File, Format Version 12.00
# Visual Studio 15
Project("{FAE04EC0-301F-11D3-BF4B-00C04F79EFBC}") = "Assembly-CSharp", "Assembly-CSharp.csproj", "{BDF74F8A-592F-94DA-1418-92E5679CC8F1}"
EndProject
Project("{FAE04EC0-301F-11D3-BF4B-00C04F79EFBC}") = "Assembly-CSharp-Editor", "Assembly-CSharp-Editor.csproj", "{2F7BAFDF-A2C2-9326-1928-05EE7CFA852A}"
EndProject
Global
	GlobalSection(SolutionConfigurationPlatforms) = preSolution
		Debug|Any CPU = Debug|Any CPU
		Release|Any CPU = Release|Any CPU
	EndGlobalSection
	GlobalSection(ProjectConfigurationPlatforms) = postSolution
		{BDF74F8A-592F-94DA-1418-92E5679CC8F1}.Debug|Any CPU.ActiveCfg = Debug|Any CPU
		{BDF74F8A-592F-94DA-1418-92E5679CC8F1}.Debug|Any CPU.Build.0 = Debug|Any CPU
		{BDF74F8A-592F-94DA-1418-92E5679CC8F1}.Release|Any CPU.ActiveCfg = Release|Any CPU
		{BDF74F8A-592F-94DA-1418-92E5679CC8F1}.Release|Any CPU.Build.0 = Release|Any CPU
		{2F7BAFDF-A2C2-9326-1928-05EE7CFA852A}.Debug|Any CPU.ActiveCfg = Debug|Any CPU
		{2F7BAFDF-A2C2-9326-1928-05EE7CFA852A}.Debug|Any CPU.Build.0 = Debug|Any CPU
		{2F7BAFDF-A2C2-9326-1928-05EE7CFA852A}.Release|Any CPU.ActiveCfg = Release|Any CPU
		{2F7BAFDF-A2C2-9326-1928-05EE7CFA852A}.Release|Any CPU.Build.0 = Release|Any CPU
	EndGlobalSection
	GlobalSection(SolutionProperties) = preSolution
		HideSolutionNode = FALSE
	EndGlobalSection
EndGlobal
